// !$*UTF8*$!
{
	archiveVersion = 1;
	classes = {
	};
	objectVersion = 46;
	objects = {

/* Begin PBXBuildFile section */
		A0B155461F645E7C004CBED6 /* AppDelegate.swift in Sources */ = {isa = PBXBuildFile; fileRef = A0B155451F645E7C004CBED6 /* AppDelegate.swift */; };
		A0B155481F645E7C004CBED6 /* ViewController.swift in Sources */ = {isa = PBXBuildFile; fileRef = A0B155471F645E7C004CBED6 /* ViewController.swift */; };
		A0B1554B1F645E7C004CBED6 /* Main.storyboard in Resources */ = {isa = PBXBuildFile; fileRef = A0B155491F645E7C004CBED6 /* Main.storyboard */; };
		A0B1554E1F645E7C004CBED6 /* PiDrobe.xcdatamodeld in Sources */ = {isa = PBXBuildFile; fileRef = A0B1554C1F645E7C004CBED6 /* PiDrobe.xcdatamodeld */; };
		A0B155501F645E7C004CBED6 /* Assets.xcassets in Resources */ = {isa = PBXBuildFile; fileRef = A0B1554F1F645E7C004CBED6 /* Assets.xcassets */; };
		A0B155531F645E7C004CBED6 /* LaunchScreen.storyboard in Resources */ = {isa = PBXBuildFile; fileRef = A0B155511F645E7C004CBED6 /* LaunchScreen.storyboard */; };
		A0B1555D1F645EE1004CBED6 /* NetworkProcessor.swift in Sources */ = {isa = PBXBuildFile; fileRef = A0B1555C1F645EE1004CBED6 /* NetworkProcessor.swift */; };
		A0B1555F1F645FA2004CBED6 /* Category.swift in Sources */ = {isa = PBXBuildFile; fileRef = A0B1555E1F645FA2004CBED6 /* Category.swift */; };
		A0B155611F645FA9004CBED6 /* Item.swift in Sources */ = {isa = PBXBuildFile; fileRef = A0B155601F645FA9004CBED6 /* Item.swift */; };
		A0B155631F6464F7004CBED6 /* ItemService.swift in Sources */ = {isa = PBXBuildFile; fileRef = A0B155621F6464F7004CBED6 /* ItemService.swift */; };
/* End PBXBuildFile section */

/* Begin PBXFileReference section */
		A0B155421F645E7C004CBED6 /* PiDrobe.app */ = {isa = PBXFileReference; explicitFileType = wrapper.application; includeInIndex = 0; path = PiDrobe.app; sourceTree = BUILT_PRODUCTS_DIR; };
		A0B155451F645E7C004CBED6 /* AppDelegate.swift */ = {isa = PBXFileReference; lastKnownFileType = sourcecode.swift; path = AppDelegate.swift; sourceTree = "<group>"; };
		A0B155471F645E7C004CBED6 /* ViewController.swift */ = {isa = PBXFileReference; lastKnownFileType = sourcecode.swift; path = ViewController.swift; sourceTree = "<group>"; };
		A0B1554A1F645E7C004CBED6 /* Base */ = {isa = PBXFileReference; lastKnownFileType = file.storyboard; name = Base; path = Base.lproj/Main.storyboard; sourceTree = "<group>"; };
		A0B1554D1F645E7C004CBED6 /* PiDrobe.xcdatamodel */ = {isa = PBXFileReference; lastKnownFileType = wrapper.xcdatamodel; path = PiDrobe.xcdatamodel; sourceTree = "<group>"; };
		A0B1554F1F645E7C004CBED6 /* Assets.xcassets */ = {isa = PBXFileReference; lastKnownFileType = folder.assetcatalog; path = Assets.xcassets; sourceTree = "<group>"; };
		A0B155521F645E7C004CBED6 /* Base */ = {isa = PBXFileReference; lastKnownFileType = file.storyboard; name = Base; path = Base.lproj/LaunchScreen.storyboard; sourceTree = "<group>"; };
		A0B155541F645E7C004CBED6 /* Info.plist */ = {isa = PBXFileReference; lastKnownFileType = text.plist.xml; path = Info.plist; sourceTree = "<group>"; };
		A0B1555C1F645EE1004CBED6 /* NetworkProcessor.swift */ = {isa = PBXFileReference; fileEncoding = 4; lastKnownFileType = sourcecode.swift; path = NetworkProcessor.swift; sourceTree = "<group>"; };
		A0B1555E1F645FA2004CBED6 /* Category.swift */ = {isa = PBXFileReference; fileEncoding = 4; lastKnownFileType = sourcecode.swift; path = Category.swift; sourceTree = "<group>"; };
		A0B155601F645FA9004CBED6 /* Item.swift */ = {isa = PBXFileReference; fileEncoding = 4; lastKnownFileType = sourcecode.swift; path = Item.swift; sourceTree = "<group>"; };
		A0B155621F6464F7004CBED6 /* ItemService.swift */ = {isa = PBXFileReference; fileEncoding = 4; lastKnownFileType = sourcecode.swift; path = ItemService.swift; sourceTree = "<group>"; };
/* End PBXFileReference section */

/* Begin PBXFrameworksBuildPhase section */
		A0B1553F1F645E7C004CBED6 /* Frameworks */ = {
			isa = PBXFrameworksBuildPhase;
			buildActionMask = 2147483647;
			files = (
			);
			runOnlyForDeploymentPostprocessing = 0;
		};
/* End PBXFrameworksBuildPhase section */

/* Begin PBXGroup section */
		A0B155391F645E7C004CBED6 = {
			isa = PBXGroup;
			children = (
				A0B155441F645E7C004CBED6 /* PiDrobe */,
				A0B155431F645E7C004CBED6 /* Products */,
			);
			sourceTree = "<group>";
		};
		A0B155431F645E7C004CBED6 /* Products */ = {
			isa = PBXGroup;
			children = (
				A0B155421F645E7C004CBED6 /* PiDrobe.app */,
			);
			name = Products;
			sourceTree = "<group>";
		};
		A0B155441F645E7C004CBED6 /* PiDrobe */ = {
			isa = PBXGroup;
			children = (
				A0B1555B1F645EC4004CBED6 /* Model */,
				A0B1555A1F645EB4004CBED6 /* Processors */,
				A0B155451F645E7C004CBED6 /* AppDelegate.swift */,
				A0B155471F645E7C004CBED6 /* ViewController.swift */,
				A0B155491F645E7C004CBED6 /* Main.storyboard */,
				A0B1554F1F645E7C004CBED6 /* Assets.xcassets */,
				A0B155511F645E7C004CBED6 /* LaunchScreen.storyboard */,
				A0B155541F645E7C004CBED6 /* Info.plist */,
				A0B1554C1F645E7C004CBED6 /* PiDrobe.xcdatamodeld */,
			);
			path = PiDrobe;
			sourceTree = "<group>";
		};
		A0B1555A1F645EB4004CBED6 /* Processors */ = {
			isa = PBXGroup;
			children = (
				A0B1555C1F645EE1004CBED6 /* NetworkProcessor.swift */,
				A0B155621F6464F7004CBED6 /* ItemService.swift */,
			);
			name = Processors;
			sourceTree = "<group>";
		};
		A0B1555B1F645EC4004CBED6 /* Model */ = {
			isa = PBXGroup;
			children = (
				A0B1555E1F645FA2004CBED6 /* Category.swift */,
				A0B155601F645FA9004CBED6 /* Item.swift */,
			);
			name = Model;
			sourceTree = "<group>";
		};
/* End PBXGroup section */

/* Begin PBXNativeTarget section */
		A0B155411F645E7C004CBED6 /* PiDrobe */ = {
			isa = PBXNativeTarget;
			buildConfigurationList = A0B155571F645E7C004CBED6 /* Build configuration list for PBXNativeTarget "PiDrobe" */;
			buildPhases = (
				A0B1553E1F645E7C004CBED6 /* Sources */,
				A0B1553F1F645E7C004CBED6 /* Frameworks */,
				A0B155401F645E7C004CBED6 /* Resources */,
			);
			buildRules = (
			);
			dependencies = (
			);
			name = PiDrobe;
			productName = PiDrobe;
			productReference = A0B155421F645E7C004CBED6 /* PiDrobe.app */;
			productType = "com.apple.product-type.application";
		};
/* End PBXNativeTarget section */

/* Begin PBXProject section */
		A0B1553A1F645E7C004CBED6 /* Project object */ = {
			isa = PBXProject;
			attributes = {
				LastSwiftUpdateCheck = 0830;
				LastUpgradeCheck = 0830;
				ORGANIZATIONNAME = "Budget Apple";
				TargetAttributes = {
					A0B155411F645E7C004CBED6 = {
						CreatedOnToolsVersion = 8.3.3;
						DevelopmentTeam = PT2JECX2U3;
						ProvisioningStyle = Automatic;
					};
				};
			};
			buildConfigurationList = A0B1553D1F645E7C004CBED6 /* Build configuration list for PBXProject "PiDrobe" */;
			compatibilityVersion = "Xcode 3.2";
			developmentRegion = English;
			hasScannedForEncodings = 0;
			knownRegions = (
				en,
				Base,
			);
			mainGroup = A0B155391F645E7C004CBED6;
			productRefGroup = A0B155431F645E7C004CBED6 /* Products */;
			projectDirPath = "";
			projectRoot = "";
			targets = (
				A0B155411F645E7C004CBED6 /* PiDrobe */,
			);
		};
/* End PBXProject section */

/* Begin PBXResourcesBuildPhase section */
		A0B155401F645E7C004CBED6 /* Resources */ = {
			isa = PBXResourcesBuildPhase;
			buildActionMask = 2147483647;
			files = (
				A0B155531F645E7C004CBED6 /* LaunchScreen.storyboard in Resources */,
				A0B155501F645E7C004CBED6 /* Assets.xcassets in Resources */,
				A0B1554B1F645E7C004CBED6 /* Main.storyboard in Resources */,
			);
			runOnlyForDeploymentPostprocessing = 0;
		};
/* End PBXResourcesBuildPhase section */

/* Begin PBXSourcesBuildPhase section */
		A0B1553E1F645E7C004CBED6 /* Sources */ = {
			isa = PBXSourcesBuildPhase;
			buildActionMask = 2147483647;
			files = (
				A0B1555D1F645EE1004CBED6 /* NetworkProcessor.swift in Sources */,
				A0B1555F1F645FA2004CBED6 /* Category.swift in Sources */,
				A0B155481F645E7C004CBED6 /* ViewController.swift in Sources */,
				A0B155461F645E7C004CBED6 /* AppDelegate.swift in Sources */,
				A0B155611F645FA9004CBED6 /* Item.swift in Sources */,
				A0B1554E1F645E7C004CBED6 /* PiDrobe.xcdatamodeld in Sources */,
				A0B155631F6464F7004CBED6 /* ItemService.swift in Sources */,
			);
			runOnlyForDeploymentPostprocessing = 0;
		};
/* End PBXSourcesBuildPhase section */

/* Begin PBXVariantGroup section */
		A0B155491F645E7C004CBED6 /* Main.storyboard */ = {
			isa = PBXVariantGroup;
			children = (
				A0B1554A1F645E7C004CBED6 /* Base */,
			);
			name = Main.storyboard;
			sourceTree = "<group>";
		};
		A0B155511F645E7C004CBED6 /* LaunchScreen.storyboard */ = {
			isa = PBXVariantGroup;
			children = (
				A0B155521F645E7C004CBED6 /* Base */,
			);
			name = LaunchScreen.storyboard;
			sourceTree = "<group>";
		};
/* End PBXVariantGroup section */

/* Begin XCBuildConfiguration section */
		A0B155551F645E7C004CBED6 /* Debug */ = {
			isa = XCBuildConfiguration;
			buildSettings = {
				ALWAYS_SEARCH_USER_PATHS = NO;
				CLANG_ANALYZER_NONNULL = YES;
				CLANG_ANALYZER_NUMBER_OBJECT_CONVERSION = YES_AGGRESSIVE;
				CLANG_CXX_LANGUAGE_STANDARD = "gnu++0x";
				CLANG_CXX_LIBRARY = "libc++";
				CLANG_ENABLE_MODULES = YES;
				CLANG_ENABLE_OBJC_ARC = YES;
				CLANG_WARN_BOOL_CONVERSION = YES;
				CLANG_WARN_CONSTANT_CONVERSION = YES;
				CLANG_WARN_DIRECT_OBJC_ISA_USAGE = YES_ERROR;
				CLANG_WARN_DOCUMENTATION_COMMENTS = YES;
				CLANG_WARN_EMPTY_BODY = YES;
				CLANG_WARN_ENUM_CONVERSION = YES;
				CLANG_WARN_INFINITE_RECURSION = YES;
				CLANG_WARN_INT_CONVERSION = YES;
				CLANG_WARN_OBJC_ROOT_CLASS = YES_ERROR;
				CLANG_WARN_SUSPICIOUS_MOVE = YES;
				CLANG_WARN_UNREACHABLE_CODE = YES;
				CLANG_WARN__DUPLICATE_METHOD_MATCH = YES;
				"CODE_SIGN_IDENTITY[sdk=iphoneos*]" = "iPhone Developer";
				COPY_PHASE_STRIP = NO;
				DEBUG_INFORMATION_FORMAT = dwarf;
				ENABLE_STRICT_OBJC_MSGSEND = YES;
				ENABLE_TESTABILITY = YES;
				GCC_C_LANGUAGE_STANDARD = gnu99;
				GCC_DYNAMIC_NO_PIC = NO;
				GCC_NO_COMMON_BLOCKS = YES;
				GCC_OPTIMIZATION_LEVEL = 0;
				GCC_PREPROCESSOR_DEFINITIONS = (
					"DEBUG=1",
					"$(inherited)",
				);
				GCC_WARN_64_TO_32_BIT_CONVERSION = YES;
				GCC_WARN_ABOUT_RETURN_TYPE = YES_ERROR;
				GCC_WARN_UNDECLARED_SELECTOR = YES;
				GCC_WARN_UNINITIALIZED_AUTOS = YES_AGGRESSIVE;
				GCC_WARN_UNUSED_FUNCTION = YES;
				GCC_WARN_UNUSED_VARIABLE = YES;
				IPHONEOS_DEPLOYMENT_TARGET = 10.3;
				MTL_ENABLE_DEBUG_INFO = YES;
				ONLY_ACTIVE_ARCH = YES;
				SDKROOT = iphoneos;
				SWIFT_ACTIVE_COMPILATION_CONDITIONS = DEBUG;
				SWIFT_OPTIMIZATION_LEVEL = "-Onone";
			};
			name = Debug;
		};
		A0B155561F645E7C004CBED6 /* Release */ = {
			isa = XCBuildConfiguration;
			buildSettings = {
				ALWAYS_SEARCH_USER_PATHS = NO;
				CLANG_ANALYZER_NONNULL = YES;
				CLANG_ANALYZER_NUMBER_OBJECT_CONVERSION = YES_AGGRESSIVE;
				CLANG_CXX_LANGUAGE_STANDARD = "gnu++0x";
				CLANG_CXX_LIBRARY = "libc++";
				CLANG_ENABLE_MODULES = YES;
				CLANG_ENABLE_OBJC_ARC = YES;
				CLANG_WARN_BOOL_CONVERSION = YES;
				CLANG_WARN_CONSTANT_CONVERSION = YES;
				CLANG_WARN_DIRECT_OBJC_ISA_USAGE = YES_ERROR;
				CLANG_WARN_DOCUMENTATION_COMMENTS = YES;
				CLANG_WARN_EMPTY_BODY = YES;
				CLANG_WARN_ENUM_CONVERSION = YES;
				CLANG_WARN_INFINITE_RECURSION = YES;
				CLANG_WARN_INT_CONVERSION = YES;
				CLANG_WARN_OBJC_ROOT_CLASS = YES_ERROR;
				CLANG_WARN_SUSPICIOUS_MOVE = YES;
				CLANG_WARN_UNREACHABLE_CODE = YES;
				CLANG_WARN__DUPLICATE_METHOD_MATCH = YES;
				"CODE_SIGN_IDENTITY[sdk=iphoneos*]" = "iPhone Developer";
				COPY_PHASE_STRIP = NO;
				DEBUG_INFORMATION_FORMAT = "dwarf-with-dsym";
				ENABLE_NS_ASSERTIONS = NO;
				ENABLE_STRICT_OBJC_MSGSEND = YES;
				GCC_C_LANGUAGE_STANDARD = gnu99;
				GCC_NO_COMMON_BLOCKS = YES;
				GCC_WARN_64_TO_32_BIT_CONVERSION = YES;
				GCC_WARN_ABOUT_RETURN_TYPE = YES_ERROR;
				GCC_WARN_UNDECLARED_SELECTOR = YES;
				GCC_WARN_UNINITIALIZED_AUTOS = YES_AGGRESSIVE;
				GCC_WARN_UNUSED_FUNCTION = YES;
				GCC_WARN_UNUSED_VARIABLE = YES;
				IPHONEOS_DEPLOYMENT_TARGET = 10.3;
				MTL_ENABLE_DEBUG_INFO = NO;
				SDKROOT = iphoneos;
				SWIFT_OPTIMIZATION_LEVEL = "-Owholemodule";
				VALIDATE_PRODUCT = YES;
			};
			name = Release;
		};
		A0B155581F645E7C004CBED6 /* Debug */ = {
			isa = XCBuildConfiguration;
			buildSettings = {
				ASSETCATALOG_COMPILER_APPICON_NAME = AppIcon;
				DEVELOPMENT_TEAM = PT2JECX2U3;
				INFOPLIST_FILE = PiDrobe/Info.plist;
				LD_RUNPATH_SEARCH_PATHS = "$(inherited) @executable_path/Frameworks";
				PRODUCT_BUNDLE_IDENTIFIER = com.budgetapple.pidrobe;
				PRODUCT_NAME = "$(TARGET_NAME)";
				SWIFT_VERSION = 3.0;
			};
			name = Debug;
		};
		A0B155591F645E7C004CBED6 /* Release */ = {
			isa = XCBuildConfiguration;
			buildSettings = {
				ASSETCATALOG_COMPILER_APPICON_NAME = AppIcon;
				DEVELOPMENT_TEAM = PT2JECX2U3;
				INFOPLIST_FILE = PiDrobe/Info.plist;
				LD_RUNPATH_SEARCH_PATHS = "$(inherited) @executable_path/Frameworks";
				PRODUCT_BUNDLE_IDENTIFIER = com.budgetapple.pidrobe;
				PRODUCT_NAME = "$(TARGET_NAME)";
				SWIFT_VERSION = 3.0;
			};
			name = Release;
		};
/* End XCBuildConfiguration section */

/* Begin XCConfigurationList section */
		A0B1553D1F645E7C004CBED6 /* Build configuration list for PBXProject "PiDrobe" */ = {
			isa = XCConfigurationList;
			buildConfigurations = (
				A0B155551F645E7C004CBED6 /* Debug */,
				A0B155561F645E7C004CBED6 /* Release */,
			);
			defaultConfigurationIsVisible = 0;
			defaultConfigurationName = Release;
		};
		A0B155571F645E7C004CBED6 /* Build configuration list for PBXNativeTarget "PiDrobe" */ = {
			isa = XCConfigurationList;
			buildConfigurations = (
				A0B155581F645E7C004CBED6 /* Debug */,
				A0B155591F645E7C004CBED6 /* Release */,
			);
			defaultConfigurationIsVisible = 0;
		};
/* End XCConfigurationList section */

/* Begin XCVersionGroup section */
		A0B1554C1F645E7C004CBED6 /* PiDrobe.xcdatamodeld */ = {
			isa = XCVersionGroup;
			children = (
				A0B1554D1F645E7C004CBED6 /* PiDrobe.xcdatamodel */,
			);
			currentVersion = A0B1554D1F645E7C004CBED6 /* PiDrobe.xcdatamodel */;
			path = PiDrobe.xcdatamodeld;
			sourceTree = "<group>";
			versionGroupType = wrapper.xcdatamodel;
		};
/* End XCVersionGroup section */
	};
	rootObject = A0B1553A1F645E7C004CBED6 /* Project object */;
}
